
Microsoft Visual Studio Solution File, Format Version 12.00
# Visual Studio Version 17
VisualStudioVersion = 17.0.31903.59
MinimumVisualStudioVersion = 10.0.40219.1
Project("{2150E333-8FDC-42A3-9474-1A3956D46DE8}") = "Solution Items", "Solution Items", "{64F26317-89BC-400C-9691-60DDACC93F41}"
	ProjectSection(SolutionItems) = preProject
		.editorconfig = .editorconfig
		Directory.Build.props = Directory.Build.props
		src\Directory.Build.props = src\Directory.Build.props
		Directory.Packages.props = Directory.Packages.props
	EndProjectSection
EndProject
Project("{9A19103F-16F7-4668-BE54-9A1E7A4F7556}") = "Attribinter.Patterns.Core", "src\Attribinter.Patterns.Core\Attribinter.Patterns.Core.csproj", "{0EF03124-6FD2-4ED4-B3B4-1E4A55B7080B}"
EndProject
Project("{9A19103F-16F7-4668-BE54-9A1E7A4F7556}") = "Attribinter.Patterns.Core.UnitTests", "tests\unit\Attribinter.Patterns.Core.UnitTests\Attribinter.Patterns.Core.UnitTests.csproj", "{93911C8B-C894-4FE2-A254-0C3C9A607867}"
EndProject
Project("{9A19103F-16F7-4668-BE54-9A1E7A4F7556}") = "Attribinter.Patterns.Abstractions", "src\Attribinter.Patterns.Abstractions\Attribinter.Patterns.Abstractions.csproj", "{36057E31-A4DE-4414-975F-5057D90409F7}"
EndProject
Project("{FAE04EC0-301F-11D3-BF4B-00C04F79EFBC}") = "Attribinter.Patterns", "src\Attribinter.Patterns\Attribinter.Patterns.csproj", "{F6697476-12D6-4ACE-B846-4F6A8AFC8257}"
EndProject
Project("{FAE04EC0-301F-11D3-BF4B-00C04F79EFBC}") = "Attribinter.Patterns.DependencyInjection", "src\Attribinter.Patterns.DependencyInjection\Attribinter.Patterns.DependencyInjection.csproj", "{AEB5720F-5458-4016-816F-BAC5D0B9C032}"
EndProject
Project("{FAE04EC0-301F-11D3-BF4B-00C04F79EFBC}") = "Attribinter.Patterns.IntegrationTests", "tests\integration\Attribinter.Patterns.IntegrationTests\Attribinter.Patterns.IntegrationTests.csproj", "{310AFD51-AB93-491B-988D-AECF511E6231}"
EndProject
Project("{FAE04EC0-301F-11D3-BF4B-00C04F79EFBC}") = "Attribinter.Patterns.UnitTests", "tests\unit\Attribinter.Patterns.UnitTests\Attribinter.Patterns.UnitTests.csproj", "{4F97EF5F-0EAE-4FA4-9CDC-1DFE8090D49F}"
EndProject
Global
	GlobalSection(SolutionConfigurationPlatforms) = preSolution
		Debug|Any CPU = Debug|Any CPU
		Release|Any CPU = Release|Any CPU
	EndGlobalSection
	GlobalSection(ProjectConfigurationPlatforms) = postSolution
		{0EF03124-6FD2-4ED4-B3B4-1E4A55B7080B}.Debug|Any CPU.ActiveCfg = Debug|Any CPU
		{0EF03124-6FD2-4ED4-B3B4-1E4A55B7080B}.Debug|Any CPU.Build.0 = Debug|Any CPU
		{0EF03124-6FD2-4ED4-B3B4-1E4A55B7080B}.Release|Any CPU.ActiveCfg = Release|Any CPU
		{0EF03124-6FD2-4ED4-B3B4-1E4A55B7080B}.Release|Any CPU.Build.0 = Release|Any CPU
		{93911C8B-C894-4FE2-A254-0C3C9A607867}.Debug|Any CPU.ActiveCfg = Debug|Any CPU
		{93911C8B-C894-4FE2-A254-0C3C9A607867}.Debug|Any CPU.Build.0 = Debug|Any CPU
		{93911C8B-C894-4FE2-A254-0C3C9A607867}.Release|Any CPU.ActiveCfg = Release|Any CPU
		{93911C8B-C894-4FE2-A254-0C3C9A607867}.Release|Any CPU.Build.0 = Release|Any CPU
		{36057E31-A4DE-4414-975F-5057D90409F7}.Debug|Any CPU.ActiveCfg = Debug|Any CPU
		{36057E31-A4DE-4414-975F-5057D90409F7}.Debug|Any CPU.Build.0 = Debug|Any CPU
		{36057E31-A4DE-4414-975F-5057D90409F7}.Release|Any CPU.ActiveCfg = Release|Any CPU
		{36057E31-A4DE-4414-975F-5057D90409F7}.Release|Any CPU.Build.0 = Release|Any CPU
		{F6697476-12D6-4ACE-B846-4F6A8AFC8257}.Debug|Any CPU.ActiveCfg = Debug|Any CPU
		{F6697476-12D6-4ACE-B846-4F6A8AFC8257}.Debug|Any CPU.Build.0 = Debug|Any CPU
		{F6697476-12D6-4ACE-B846-4F6A8AFC8257}.Release|Any CPU.ActiveCfg = Release|Any CPU
		{F6697476-12D6-4ACE-B846-4F6A8AFC8257}.Release|Any CPU.Build.0 = Release|Any CPU
		{AEB5720F-5458-4016-816F-BAC5D0B9C032}.Debug|Any CPU.ActiveCfg = Debug|Any CPU
		{AEB5720F-5458-4016-816F-BAC5D0B9C032}.Debug|Any CPU.Build.0 = Debug|Any CPU
		{AEB5720F-5458-4016-816F-BAC5D0B9C032}.Release|Any CPU.ActiveCfg = Release|Any CPU
		{AEB5720F-5458-4016-816F-BAC5D0B9C032}.Release|Any CPU.Build.0 = Release|Any CPU
		{310AFD51-AB93-491B-988D-AECF511E6231}.Debug|Any CPU.ActiveCfg = Debug|Any CPU
		{310AFD51-AB93-491B-988D-AECF511E6231}.Debug|Any CPU.Build.0 = Debug|Any CPU
		{310AFD51-AB93-491B-988D-AECF511E6231}.Release|Any CPU.ActiveCfg = Release|Any CPU
		{310AFD51-AB93-491B-988D-AECF511E6231}.Release|Any CPU.Build.0 = Release|Any CPU
		{4F97EF5F-0EAE-4FA4-9CDC-1DFE8090D49F}.Debug|Any CPU.ActiveCfg = Debug|Any CPU
		{4F97EF5F-0EAE-4FA4-9CDC-1DFE8090D49F}.Debug|Any CPU.Build.0 = Debug|Any CPU
		{4F97EF5F-0EAE-4FA4-9CDC-1DFE8090D49F}.Release|Any CPU.ActiveCfg = Release|Any CPU
		{4F97EF5F-0EAE-4FA4-9CDC-1DFE8090D49F}.Release|Any CPU.Build.0 = Release|Any CPU
	EndGlobalSection
	GlobalSection(SolutionProperties) = preSolution
		HideSolutionNode = FALSE
	EndGlobalSection
	GlobalSection(ExtensibilityGlobals) = postSolution
		SolutionGuid = {EF67C292-29B8-45FC-B3CA-9612B00972A2}
	EndGlobalSection
EndGlobal
