
Microsoft Visual Studio Solution File, Format Version 12.00
# Visual Studio Version 17
VisualStudioVersion = 17.0.31903.59
MinimumVisualStudioVersion = 10.0.40219.1
Project("{2150E333-8FDC-42A3-9474-1A3956D46DE8}") = "Solution Items", "Solution Items", "{64F26317-89BC-400C-9691-60DDACC93F41}"
	ProjectSection(SolutionItems) = preProject
		.editorconfig = .editorconfig
		Directory.Build.props = Directory.Build.props
		src\Directory.Build.props = src\Directory.Build.props
		Directory.Packages.props = Directory.Packages.props
	EndProjectSection
EndProject
Project("{9A19103F-16F7-4668-BE54-9A1E7A4F7556}") = "Attribinter.Patterns.Core", "src\Attribinter.Patterns.Core\Attribinter.Patterns.Core.csproj", "{0EF03124-6FD2-4ED4-B3B4-1E4A55B7080B}"
EndProject
Project("{9A19103F-16F7-4668-BE54-9A1E7A4F7556}") = "Attribinter.Patterns.Core.UnitTests", "tests\unit\Attribinter.Patterns.Core.UnitTests\Attribinter.Patterns.Core.UnitTests.csproj", "{93911C8B-C894-4FE2-A254-0C3C9A607867}"
EndProject
Global
	GlobalSection(SolutionConfigurationPlatforms) = preSolution
		Debug|Any CPU = Debug|Any CPU
		Release|Any CPU = Release|Any CPU
	EndGlobalSection
	GlobalSection(ProjectConfigurationPlatforms) = postSolution
		{0EF03124-6FD2-4ED4-B3B4-1E4A55B7080B}.Debug|Any CPU.ActiveCfg = Debug|Any CPU
		{0EF03124-6FD2-4ED4-B3B4-1E4A55B7080B}.Debug|Any CPU.Build.0 = Debug|Any CPU
		{0EF03124-6FD2-4ED4-B3B4-1E4A55B7080B}.Release|Any CPU.ActiveCfg = Release|Any CPU
		{0EF03124-6FD2-4ED4-B3B4-1E4A55B7080B}.Release|Any CPU.Build.0 = Release|Any CPU
		{93911C8B-C894-4FE2-A254-0C3C9A607867}.Debug|Any CPU.ActiveCfg = Debug|Any CPU
		{93911C8B-C894-4FE2-A254-0C3C9A607867}.Debug|Any CPU.Build.0 = Debug|Any CPU
		{93911C8B-C894-4FE2-A254-0C3C9A607867}.Release|Any CPU.ActiveCfg = Release|Any CPU
		{93911C8B-C894-4FE2-A254-0C3C9A607867}.Release|Any CPU.Build.0 = Release|Any CPU
	EndGlobalSection
	GlobalSection(SolutionProperties) = preSolution
		HideSolutionNode = FALSE
	EndGlobalSection
	GlobalSection(ExtensibilityGlobals) = postSolution
		SolutionGuid = {EF67C292-29B8-45FC-B3CA-9612B00972A2}
	EndGlobalSection
EndGlobal
